Microsoft Visual Studio Solution File, Format Version 12.00
# Visual Studio Version 17
VisualStudioVersion = 17.5.2.0
MinimumVisualStudioVersion = 10.0.40219.1
Project("{FAE04EC0-301F-11D3-BF4B-00C04F79EFBC}") = "Tienda-Repuestos-Demo", "Tienda-Repuestos-Demo.csproj", "{A32C166D-09E2-5D07-0486-D5BD68699FAB}"
EndProject
Global
	GlobalSection(SolutionConfigurationPlatforms) = preSolution
		Debug|Any CPU = Debug|Any CPU
		Release|Any CPU = Release|Any CPU
	EndGlobalSection
	GlobalSection(ProjectConfigurationPlatforms) = postSolution
		{A32C166D-09E2-5D07-0486-D5BD68699FAB}.Debug|Any CPU.ActiveCfg = Debug|Any CPU
		{A32C166D-09E2-5D07-0486-D5BD68699FAB}.Debug|Any CPU.Build.0 = Debug|Any CPU
		{A32C166D-09E2-5D07-0486-D5BD68699FAB}.Release|Any CPU.ActiveCfg = Release|Any CPU
		{A32C166D-09E2-5D07-0486-D5BD68699FAB}.Release|Any CPU.Build.0 = Release|Any CPU
	EndGlobalSection
	GlobalSection(SolutionProperties) = preSolution
		HideSolutionNode = FALSE
	EndGlobalSection
	GlobalSection(ExtensibilityGlobals) = postSolution
		SolutionGuid = {4B16AAA5-6ED4-48C0-92B4-3BB6CF0CDD13}
	EndGlobalSection
EndGlobal
